
Microsoft Visual Studio Solution File, Format Version 12.00
# Visual Studio 15
VisualStudioVersion = 15.0.27130.2036
MinimumVisualStudioVersion = 10.0.40219.1
Project("{F184B08F-C81C-45F6-A57F-5ABD9991F28F}") = "KIPayroll", "WindowsApp1\KIPayroll.vbproj", "{FAB3976F-85F4-4B7C-9C62-BA434C49D068}"
EndProject
Global
	GlobalSection(SolutionConfigurationPlatforms) = preSolution
		Debug|Any CPU = Debug|Any CPU
		Debug|Default = Debug|Default
		Release|Any CPU = Release|Any CPU
		Release|Default = Release|Default
	EndGlobalSection
	GlobalSection(ProjectConfigurationPlatforms) = postSolution
		{FAB3976F-85F4-4B7C-9C62-BA434C49D068}.Debug|Any CPU.ActiveCfg = Debug|Any CPU
		{FAB3976F-85F4-4B7C-9C62-BA434C49D068}.Debug|Any CPU.Build.0 = Debug|Any CPU
		{FAB3976F-85F4-4B7C-9C62-BA434C49D068}.Debug|Default.ActiveCfg = Debug|Any CPU
		{FAB3976F-85F4-4B7C-9C62-BA434C49D068}.Debug|Default.Build.0 = Debug|Any CPU
		{FAB3976F-85F4-4B7C-9C62-BA434C49D068}.Release|Any CPU.ActiveCfg = Release|Any CPU
		{FAB3976F-85F4-4B7C-9C62-BA434C49D068}.Release|Any CPU.Build.0 = Release|Any CPU
		{FAB3976F-85F4-4B7C-9C62-BA434C49D068}.Release|Default.ActiveCfg = Release|Any CPU
		{FAB3976F-85F4-4B7C-9C62-BA434C49D068}.Release|Default.Build.0 = Release|Any CPU
	EndGlobalSection
	GlobalSection(SolutionProperties) = preSolution
		HideSolutionNode = FALSE
	EndGlobalSection
	GlobalSection(ExtensibilityGlobals) = postSolution
		SolutionGuid = {A4A753DB-0DB1-48F1-8362-41C487159280}
	EndGlobalSection
	GlobalSection(SolutionConfigurationPlatforms) = preSolution
		Debug|Any CPU = Debug|Any CPU
		Debug|Default = Debug|Default
		Release|Any CPU = Release|Any CPU
		Release|Default = Release|Default
	EndGlobalSection
	GlobalSection(SolutionConfigurationPlatforms) = preSolution
		Debug|Any CPU = Debug|Any CPU
		Debug|Default = Debug|Default
		Release|Any CPU = Release|Any CPU
		Release|Default = Release|Default
	EndGlobalSection
EndGlobal
